
Microsoft Visual Studio Solution File, Format Version 12.00
# Visual Studio 15
VisualStudioVersion = 15.0.28307.572
MinimumVisualStudioVersion = 10.0.40219.1
Project("{FAE04EC0-301F-11D3-BF4B-00C04F79EFBC}") = "PrintLabel", "PrintLabel\PrintLabel.csproj", "{7E9B3C80-31BB-4E9D-A222-DD135E7D897A}"
EndProject
Global
	GlobalSection(SolutionConfigurationPlatforms) = preSolution
		Debug|Any CPU = Debug|Any CPU
		Release|Any CPU = Release|Any CPU
	EndGlobalSection
	GlobalSection(ProjectConfigurationPlatforms) = postSolution
		{7E9B3C80-31BB-4E9D-A222-DD135E7D897A}.Debug|Any CPU.ActiveCfg = Debug|Any CPU
		{7E9B3C80-31BB-4E9D-A222-DD135E7D897A}.Debug|Any CPU.Build.0 = Debug|Any CPU
		{7E9B3C80-31BB-4E9D-A222-DD135E7D897A}.Release|Any CPU.ActiveCfg = Release|Any CPU
		{7E9B3C80-31BB-4E9D-A222-DD135E7D897A}.Release|Any CPU.Build.0 = Release|Any CPU
	EndGlobalSection
	GlobalSection(SolutionProperties) = preSolution
		HideSolutionNode = FALSE
	EndGlobalSection
	GlobalSection(ExtensibilityGlobals) = postSolution
		SolutionGuid = {BFDCA342-F375-45D5-9055-44269B358025}
	EndGlobalSection
EndGlobal
